
Microsoft Visual Studio Solution File, Format Version 12.00
# Visual Studio Version 17
VisualStudioVersion = 17.4.33122.133
MinimumVisualStudioVersion = 10.0.40219.1
Project("{FAE04EC0-301F-11D3-BF4B-00C04F79EFBC}") = "moodanalyser", "moodanalyser.csproj", "{D81D4D10-5EEF-4EF7-8E47-06854937211D}"
EndProject
Project("{FAE04EC0-301F-11D3-BF4B-00C04F79EFBC}") = "MoodAnalyserTest", "..\MoodAnalyserTest\MoodAnalyserTest.csproj", "{DF9667DB-3942-4F6E-9E78-B337A1637A8E}"
EndProject
Global
	GlobalSection(SolutionConfigurationPlatforms) = preSolution
		Debug|Any CPU = Debug|Any CPU
		Release|Any CPU = Release|Any CPU
	EndGlobalSection
	GlobalSection(ProjectConfigurationPlatforms) = postSolution
		{D81D4D10-5EEF-4EF7-8E47-06854937211D}.Debug|Any CPU.ActiveCfg = Debug|Any CPU
		{D81D4D10-5EEF-4EF7-8E47-06854937211D}.Debug|Any CPU.Build.0 = Debug|Any CPU
		{D81D4D10-5EEF-4EF7-8E47-06854937211D}.Release|Any CPU.ActiveCfg = Release|Any CPU
		{D81D4D10-5EEF-4EF7-8E47-06854937211D}.Release|Any CPU.Build.0 = Release|Any CPU
		{DF9667DB-3942-4F6E-9E78-B337A1637A8E}.Debug|Any CPU.ActiveCfg = Debug|Any CPU
		{DF9667DB-3942-4F6E-9E78-B337A1637A8E}.Debug|Any CPU.Build.0 = Debug|Any CPU
		{DF9667DB-3942-4F6E-9E78-B337A1637A8E}.Release|Any CPU.ActiveCfg = Release|Any CPU
		{DF9667DB-3942-4F6E-9E78-B337A1637A8E}.Release|Any CPU.Build.0 = Release|Any CPU
	EndGlobalSection
	GlobalSection(SolutionProperties) = preSolution
		HideSolutionNode = FALSE
	EndGlobalSection
	GlobalSection(ExtensibilityGlobals) = postSolution
		SolutionGuid = {A81AA081-D2C5-4F8B-972E-1EC2FA78185C}
	EndGlobalSection
EndGlobal
